
Microsoft Visual Studio Solution File, Format Version 12.00
# Visual Studio 2012
Project("{FAE04EC0-301F-11D3-BF4B-00C04F79EFBC}") = "TestConsole", "TestConsole\TestConsole.csproj", "{DE47CCBD-9D76-4FAB-85E0-8D8217AE42DB}"
EndProject
Global
	GlobalSection(SolutionConfigurationPlatforms) = preSolution
		Debug|Any CPU = Debug|Any CPU
		Release|Any CPU = Release|Any CPU
	EndGlobalSection
	GlobalSection(ProjectConfigurationPlatforms) = postSolution
		{DE47CCBD-9D76-4FAB-85E0-8D8217AE42DB}.Debug|Any CPU.ActiveCfg = Debug|Any CPU
		{DE47CCBD-9D76-4FAB-85E0-8D8217AE42DB}.Debug|Any CPU.Build.0 = Debug|Any CPU
		{DE47CCBD-9D76-4FAB-85E0-8D8217AE42DB}.Release|Any CPU.ActiveCfg = Release|Any CPU
		{DE47CCBD-9D76-4FAB-85E0-8D8217AE42DB}.Release|Any CPU.Build.0 = Release|Any CPU
	EndGlobalSection
	GlobalSection(SolutionProperties) = preSolution
		HideSolutionNode = FALSE
	EndGlobalSection
EndGlobal
